{
  "requires": true,
  "lockfileVersion": 1,
  "dependencies": {
    "weui": {
      "version": "2.2.0",
      "resolved": "https://registry.npmjs.org/weui/-/weui-2.2.0.tgz",
      "integrity": "sha512-PdFggJT///7NfEfTxaOmwlNBZ1rE3BXGkd7/ziHcwfE9n6zwA0dCMIeWvmPVf8z77ZziRKYxJutIa2rJkZH3Mg=="
    }
  }
}
